
Microsoft Visual Studio Solution File, Format Version 12.00
# Visual Studio 15
VisualStudioVersion = 15.0.28307.136
MinimumVisualStudioVersion = 10.0.40219.1
Project("{9A19103F-16F7-4668-BE54-9A1E7A4F7556}") = "GhostUI", "GhostUI\GhostUI.csproj", "{5ADD8BB0-2131-468F-9C2B-A30603439D98}"
EndProject
Global
	GlobalSection(SolutionConfigurationPlatforms) = preSolution
		Debug|Any CPU = Debug|Any CPU
		Release|Any CPU = Release|Any CPU
	EndGlobalSection
	GlobalSection(ProjectConfigurationPlatforms) = postSolution
		{5ADD8BB0-2131-468F-9C2B-A30603439D98}.Debug|Any CPU.ActiveCfg = Debug|Any CPU
		{5ADD8BB0-2131-468F-9C2B-A30603439D98}.Debug|Any CPU.Build.0 = Debug|Any CPU
		{5ADD8BB0-2131-468F-9C2B-A30603439D98}.Release|Any CPU.ActiveCfg = Release|Any CPU
		{5ADD8BB0-2131-468F-9C2B-A30603439D98}.Release|Any CPU.Build.0 = Release|Any CPU
	EndGlobalSection
	GlobalSection(SolutionProperties) = preSolution
		HideSolutionNode = FALSE
	EndGlobalSection
	GlobalSection(ExtensibilityGlobals) = postSolution
		SolutionGuid = {A7CB80E3-A1C8-4D8B-9B02-FCBC5FF8E7B5}
	EndGlobalSection
EndGlobal
